
Microsoft Visual Studio Solution File, Format Version 12.00
Project("{FAE04EC0-301F-11D3-BF4B-00C04F79EFBC}") = "GraphQL-Prototype", "GraphQL-Prototype\GraphQL-Prototype.csproj", "{A575952D-A41F-47DC-906B-C6931E8B5856}"
EndProject
Global
	GlobalSection(SolutionConfigurationPlatforms) = preSolution
		Debug|Any CPU = Debug|Any CPU
		Release|Any CPU = Release|Any CPU
	EndGlobalSection
	GlobalSection(ProjectConfigurationPlatforms) = postSolution
		{A575952D-A41F-47DC-906B-C6931E8B5856}.Debug|Any CPU.ActiveCfg = Debug|Any CPU
		{A575952D-A41F-47DC-906B-C6931E8B5856}.Debug|Any CPU.Build.0 = Debug|Any CPU
		{A575952D-A41F-47DC-906B-C6931E8B5856}.Release|Any CPU.ActiveCfg = Release|Any CPU
		{A575952D-A41F-47DC-906B-C6931E8B5856}.Release|Any CPU.Build.0 = Release|Any CPU
	EndGlobalSection
EndGlobal
